{
  "object": {
    "pins": [
      {
        "package": "RazeCore",
        "repositoryURL": "https://github.com/amarildolucas/CourseRazeCore",
        "state": {
          "branch": null,
          "revision": "320dcf8f13d5379397956636649a74ee741f38d7",
          "version": "0.1.1"
        }
      }
    ]
  },
  "version": 1
}
